PODS:
  - Realm (3.7.6):
    - Realm/Headers (= 3.7.6)
  - Realm/Headers (3.7.6)
  - youtube-ios-player-helper (0.1.6)

DEPENDENCIES:
  - Realm
  - youtube-ios-player-helper (~> 0.1)

SPEC CHECKSUMS:
  Realm: 9eaecad54712d6246d08ba34c10f354e4715d7d3
  youtube-ios-player-helper: 21ab92db027c7ff86cb17a3843a3f6eafc8158d2

PODFILE CHECKSUM: a8b84d9c86498d37c94d7814184d42c3b871253b

COCOAPODS: 1.4.0
