// !$*UTF8*$!
{
	archiveVersion = 1;
	classes = {
	};
	objectVersion = 46;
	objects = {

/* Begin PBXBuildFile section */
		0E9F10402223BB8B00E0BC99 /* Podfile in Resources */ = {isa = PBXBuildFile; fileRef = 0E9F103D2223BB8B00E0BC99 /* Podfile */; };
		0E9F10412223BB8B00E0BC99 /* README.md in Resources */ = {isa = PBXBuildFile; fileRef = 0E9F103E2223BB8B00E0BC99 /* README.md */; };
		0E9F10432223BBB600E0BC99 /* .gitignore in Resources */ = {isa = PBXBuildFile; fileRef = 0E9F10422223BBB600E0BC99 /* .gitignore */; };
		0EF7DA662223B0C20021A3E4 /* GameSceneImages.swift in Sources */ = {isa = PBXBuildFile; fileRef = 0EF7DA632223B0C20021A3E4 /* GameSceneImages.swift */; };
		0EF7DA672223B0C20021A3E4 /* GameSceneTouches.swift in Sources */ = {isa = PBXBuildFile; fileRef = 0EF7DA642223B0C20021A3E4 /* GameSceneTouches.swift */; };
		0EF7DA682223B0C20021A3E4 /* GameScene.swift in Sources */ = {isa = PBXBuildFile; fileRef = 0EF7DA652223B0C20021A3E4 /* GameScene.swift */; };
		0F255AAE222BF38E0026DFE9 /* streamplay.o in Frameworks */ = {isa = PBXBuildFile; fileRef = 0F255AA6222BF38D0026DFE9 /* streamplay.o */; };
		0F255AAF222BF38E0026DFE9 /* istream.o in Frameworks */ = {isa = PBXBuildFile; fileRef = 0F255AA7222BF38D0026DFE9 /* istream.o */; };
		0F255AB0222BF38E0026DFE9 /* buffer.o in Frameworks */ = {isa = PBXBuildFile; fileRef = 0F255AA8222BF38D0026DFE9 /* buffer.o */; };
		0F255AB1222BF38E0026DFE9 /* alure.o in Frameworks */ = {isa = PBXBuildFile; fileRef = 0F255AA9222BF38D0026DFE9 /* alure.o */; };
		0F255AB2222BF38E0026DFE9 /* streamdec.o in Frameworks */ = {isa = PBXBuildFile; fileRef = 0F255AAA222BF38D0026DFE9 /* streamdec.o */; };
		0F255AB3222BF38E0026DFE9 /* codec_wav.o in Frameworks */ = {isa = PBXBuildFile; fileRef = 0F255AAB222BF38E0026DFE9 /* codec_wav.o */; };
		0F255AB4222BF38E0026DFE9 /* stream.o in Frameworks */ = {isa = PBXBuildFile; fileRef = 0F255AAC222BF38E0026DFE9 /* stream.o */; };
		0F255AB5222BF38E0026DFE9 /* codec_aiff.o in Frameworks */ = {isa = PBXBuildFile; fileRef = 0F255AAD222BF38E0026DFE9 /* codec_aiff.o */; };
		0F41C8DF1F7275C2007C6A38 /* ResultScene.swift in Sources */ = {isa = PBXBuildFile; fileRef = 0F41C8DE1F7275C2007C6A38 /* ResultScene.swift */; };
		0F65E8AC222BDCF000BEF557 /* GDFileManager.swift in Sources */ = {isa = PBXBuildFile; fileRef = 0F65E8AB222BDCF000BEF557 /* GDFileManager.swift */; };
		0F746F4B1F5EEEFF00C1D040 /* Sounds.swift in Sources */ = {isa = PBXBuildFile; fileRef = 0F746F4A1F5EEEFF00C1D040 /* Sounds.swift */; };
		0F746F541F5F917E00C1D040 /* AVFoundation.framework in Frameworks */ = {isa = PBXBuildFile; fileRef = 0F746F531F5F917E00C1D040 /* AVFoundation.framework */; };
		0F746F5D1F5F950E00C1D040 /* LaunchScreen.storyboard in Resources */ = {isa = PBXBuildFile; fileRef = 0F746F591F5F950E00C1D040 /* LaunchScreen.storyboard */; };
		0F746F5E1F5F950E00C1D040 /* Main.storyboard in Resources */ = {isa = PBXBuildFile; fileRef = 0F746F5B1F5F950E00C1D040 /* Main.storyboard */; };
		0FBC97CF222C065A00DC3927 /* AppAuth.framework in Frameworks */ = {isa = PBXBuildFile; fileRef = 0FBC97CE222C065A00DC3927 /* AppAuth.framework */; };
		0FBC97D1222C065A00DC3927 /* GoogleAPIClientForREST.framework in Frameworks */ = {isa = PBXBuildFile; fileRef = 0FBC97D0222C065A00DC3927 /* GoogleAPIClientForREST.framework */; };
		0FBC97D3222C065A00DC3927 /* GTMAppAuth.framework in Frameworks */ = {isa = PBXBuildFile; fileRef = 0FBC97D2222C065A00DC3927 /* GTMAppAuth.framework */; };
		0FBC97D5222C065A00DC3927 /* GTMSessionFetcher.framework in Frameworks */ = {isa = PBXBuildFile; fileRef = 0FBC97D4222C065A00DC3927 /* GTMSessionFetcher.framework */; };
		0FBC97D7222C068500DC3927 /* Realm.framework in Frameworks */ = {isa = PBXBuildFile; fileRef = 0FBC97D6222C068500DC3927 /* Realm.framework */; };
		0FBC97D9222C068500DC3927 /* RealmSwift.framework in Frameworks */ = {isa = PBXBuildFile; fileRef = 0FBC97D8222C068500DC3927 /* RealmSwift.framework */; };
		0FBC97DB222C068500DC3927 /* youtube_ios_player_helper_swift.framework in Frameworks */ = {isa = PBXBuildFile; fileRef = 0FBC97DA222C068500DC3927 /* youtube_ios_player_helper_swift.framework */; };
		0FBC97DD222C071B00DC3927 /* SVProgressHUD.framework in Frameworks */ = {isa = PBXBuildFile; fileRef = 0FBC97DC222C071B00DC3927 /* SVProgressHUD.framework */; };
		0FF43AB4222BE830001A8B53 /* Podfile.lock in Resources */ = {isa = PBXBuildFile; fileRef = 0FF43AB3222BE82F001A8B53 /* Podfile.lock */; };
		0FFD1B441F5E6D2B0007E555 /* AppDelegate.swift in Sources */ = {isa = PBXBuildFile; fileRef = 0FFD1B431F5E6D2B0007E555 /* AppDelegate.swift */; };
		0FFD1B4C1F5E6D2B0007E555 /* GameViewController.swift in Sources */ = {isa = PBXBuildFile; fileRef = 0FFD1B4B1F5E6D2B0007E555 /* GameViewController.swift */; };
		0FFD1B511F5E6D2B0007E555 /* Assets.xcassets in Resources */ = {isa = PBXBuildFile; fileRef = 0FFD1B501F5E6D2B0007E555 /* Assets.xcassets */; };
		F1007516213D701B00ED2EF3 /* ChooseMusicScene.swift in Sources */ = {isa = PBXBuildFile; fileRef = F1007515213D701A00ED2EF3 /* ChooseMusicScene.swift */; };
		F100ADDA213A6DC10027E2A2 /* Music.swift in Sources */ = {isa = PBXBuildFile; fileRef = F100ADD7213A6DBF0027E2A2 /* Music.swift */; };
		F100ADDC213A6DC10027E2A2 /* Setting.swift in Sources */ = {isa = PBXBuildFile; fileRef = F100ADD9213A6DC00027E2A2 /* Setting.swift */; };
		F1092FCA1F84ABF0001963D3 /* Note.swift in Sources */ = {isa = PBXBuildFile; fileRef = F1092FC91F84ABF0001963D3 /* Note.swift */; };
		F118E1652061F81400EDC8B8 /* Dimensions.swift in Sources */ = {isa = PBXBuildFile; fileRef = F118E1642061F81400EDC8B8 /* Dimensions.swift */; };
		F127323A1FB5BB9500D7F5C8 /* OpenAL.framework in Frameworks */ = {isa = PBXBuildFile; fileRef = F12732391FB5BB8B00D7F5C8 /* OpenAL.framework */; };
		F12ED65B2119815C0093CB80 /* Regex.swift in Sources */ = {isa = PBXBuildFile; fileRef = F12ED65A2119815C0093CB80 /* Regex.swift */; };
		F148A4EC213C348600E57180 /* Header.swift in Sources */ = {isa = PBXBuildFile; fileRef = F148A4EB213C348500E57180 /* Header.swift */; };
		F15FB1DB204C546B00D42803 /* PickerKeyboard.swift in Sources */ = {isa = PBXBuildFile; fileRef = F15FB1DA204C546B00D42803 /* PickerKeyboard.swift */; };
		F160B76B2086E8D900650512 /* YTPlayerViewHolder.swift in Sources */ = {isa = PBXBuildFile; fileRef = F160B7692086E8D800650512 /* YTPlayerViewHolder.swift */; };
		F1B16F7E1FBC90940036FEE2 /* Sounds in Resources */ = {isa = PBXBuildFile; fileRef = F1B16F7D1FBC90940036FEE2 /* Sounds */; };
		F1DDDB57200125AD00776AC1 /* Lane.swift in Sources */ = {isa = PBXBuildFile; fileRef = F1DDDB56200125AC00776AC1 /* Lane.swift */; };
/* End PBXBuildFile section */

/* Begin PBXContainerItemProxy section */
		0FFD1B5B1F5E6D2B0007E555 /* PBXContainerItemProxy */ = {
			isa = PBXContainerItemProxy;
			containerPortal = 0FFD1B381F5E6D2B0007E555 /* Project object */;
			proxyType = 1;
			remoteGlobalIDString = 0FFD1B3F1F5E6D2B0007E555;
			remoteInfo = "音ゲー（仮）";
		};
		0FFD1B661F5E6D2B0007E555 /* PBXContainerItemProxy */ = {
			isa = PBXContainerItemProxy;
			containerPortal = 0FFD1B381F5E6D2B0007E555 /* Project object */;
			proxyType = 1;
			remoteGlobalIDString = 0FFD1B3F1F5E6D2B0007E555;
			remoteInfo = "音ゲー（仮）";
		};
/* End PBXContainerItemProxy section */

/* Begin PBXFileReference section */
		0B02828396637911C78EE9D3 /* Pods-音ゲー（仮）.release.xcconfig */ = {isa = PBXFileReference; includeInIndex = 1; lastKnownFileType = text.xcconfig; name = "Pods-音ゲー（仮）.release.xcconfig"; path = "Target Support Files/Pods-音ゲー（仮）/Pods-音ゲー（仮）.release.xcconfig"; sourceTree = "<group>"; };
		0E9F103D2223BB8B00E0BC99 /* Podfile */ = {isa = PBXFileReference; fileEncoding = 4; lastKnownFileType = text; path = Podfile; sourceTree = "<group>"; xcLanguageSpecificationIdentifier = xcode.lang.ruby; };
		0E9F103E2223BB8B00E0BC99 /* README.md */ = {isa = PBXFileReference; fileEncoding = 4; lastKnownFileType = net.daringfireball.markdown; path = README.md; sourceTree = "<group>"; };
		0E9F10422223BBB600E0BC99 /* .gitignore */ = {isa = PBXFileReference; fileEncoding = 4; lastKnownFileType = text; path = .gitignore; sourceTree = "<group>"; };
		0EF7DA632223B0C20021A3E4 /* GameSceneImages.swift */ = {isa = PBXFileReference; fileEncoding = 4; lastKnownFileType = sourcecode.swift; path = GameSceneImages.swift; sourceTree = "<group>"; };
		0EF7DA642223B0C20021A3E4 /* GameSceneTouches.swift */ = {isa = PBXFileReference; fileEncoding = 4; lastKnownFileType = sourcecode.swift; path = GameSceneTouches.swift; sourceTree = "<group>"; };
		0EF7DA652223B0C20021A3E4 /* GameScene.swift */ = {isa = PBXFileReference; fileEncoding = 4; lastKnownFileType = sourcecode.swift; path = GameScene.swift; sourceTree = "<group>"; };
		0F255AA6222BF38D0026DFE9 /* streamplay.o */ = {isa = PBXFileReference; lastKnownFileType = "compiled.mach-o.objfile"; name = streamplay.o; path = "../alure-1.2/build/streamplay.o"; sourceTree = "<group>"; };
		0F255AA7222BF38D0026DFE9 /* istream.o */ = {isa = PBXFileReference; lastKnownFileType = "compiled.mach-o.objfile"; name = istream.o; path = "../alure-1.2/build/istream.o"; sourceTree = "<group>"; };
		0F255AA8222BF38D0026DFE9 /* buffer.o */ = {isa = PBXFileReference; lastKnownFileType = "compiled.mach-o.objfile"; name = buffer.o; path = "../alure-1.2/build/buffer.o"; sourceTree = "<group>"; };
		0F255AA9222BF38D0026DFE9 /* alure.o */ = {isa = PBXFileReference; lastKnownFileType = "compiled.mach-o.objfile"; name = alure.o; path = "../alure-1.2/build/alure.o"; sourceTree = "<group>"; };
		0F255AAA222BF38D0026DFE9 /* streamdec.o */ = {isa = PBXFileReference; lastKnownFileType = "compiled.mach-o.objfile"; name = streamdec.o; path = "../alure-1.2/build/streamdec.o"; sourceTree = "<group>"; };
		0F255AAB222BF38E0026DFE9 /* codec_wav.o */ = {isa = PBXFileReference; lastKnownFileType = "compiled.mach-o.objfile"; name = codec_wav.o; path = "../alure-1.2/build/codec_wav.o"; sourceTree = "<group>"; };
		0F255AAC222BF38E0026DFE9 /* stream.o */ = {isa = PBXFileReference; lastKnownFileType = "compiled.mach-o.objfile"; name = stream.o; path = "../alure-1.2/build/stream.o"; sourceTree = "<group>"; };
		0F255AAD222BF38E0026DFE9 /* codec_aiff.o */ = {isa = PBXFileReference; lastKnownFileType = "compiled.mach-o.objfile"; name = codec_aiff.o; path = "../alure-1.2/build/codec_aiff.o"; sourceTree = "<group>"; };
		0F41C8DE1F7275C2007C6A38 /* ResultScene.swift */ = {isa = PBXFileReference; lastKnownFileType = sourcecode.swift; path = ResultScene.swift; sourceTree = "<group>"; };
		0F65E8AB222BDCF000BEF557 /* GDFileManager.swift */ = {isa = PBXFileReference; fileEncoding = 4; lastKnownFileType = sourcecode.swift; path = GDFileManager.swift; sourceTree = "<group>"; };
		0F746F4A1F5EEEFF00C1D040 /* Sounds.swift */ = {isa = PBXFileReference; fileEncoding = 4; lastKnownFileType = sourcecode.swift; path = Sounds.swift; sourceTree = "<group>"; };
		0F746F531F5F917E00C1D040 /* AVFoundation.framework */ = {isa = PBXFileReference; lastKnownFileType = wrapper.framework; name = AVFoundation.framework; path = System/Library/Frameworks/AVFoundation.framework; sourceTree = SDKROOT; };
		0F746F5A1F5F950E00C1D040 /* Base */ = {isa = PBXFileReference; lastKnownFileType = file.storyboard; name = Base; path = Base.lproj/LaunchScreen.storyboard; sourceTree = "<group>"; };
		0F746F5C1F5F950E00C1D040 /* Base */ = {isa = PBXFileReference; lastKnownFileType = file.storyboard; name = Base; path = Base.lproj/Main.storyboard; sourceTree = "<group>"; };
		0FBC97CE222C065A00DC3927 /* AppAuth.framework */ = {isa = PBXFileReference; explicitFileType = wrapper.framework; path = AppAuth.framework; sourceTree = BUILT_PRODUCTS_DIR; };
		0FBC97D0222C065A00DC3927 /* GoogleAPIClientForREST.framework */ = {isa = PBXFileReference; explicitFileType = wrapper.framework; path = GoogleAPIClientForREST.framework; sourceTree = BUILT_PRODUCTS_DIR; };
		0FBC97D2222C065A00DC3927 /* GTMAppAuth.framework */ = {isa = PBXFileReference; explicitFileType = wrapper.framework; path = GTMAppAuth.framework; sourceTree = BUILT_PRODUCTS_DIR; };
		0FBC97D4222C065A00DC3927 /* GTMSessionFetcher.framework */ = {isa = PBXFileReference; explicitFileType = wrapper.framework; path = GTMSessionFetcher.framework; sourceTree = BUILT_PRODUCTS_DIR; };
		0FBC97D6222C068500DC3927 /* Realm.framework */ = {isa = PBXFileReference; explicitFileType = wrapper.framework; path = Realm.framework; sourceTree = BUILT_PRODUCTS_DIR; };
		0FBC97D8222C068500DC3927 /* RealmSwift.framework */ = {isa = PBXFileReference; explicitFileType = wrapper.framework; path = RealmSwift.framework; sourceTree = BUILT_PRODUCTS_DIR; };
		0FBC97DA222C068500DC3927 /* youtube_ios_player_helper_swift.framework */ = {isa = PBXFileReference; explicitFileType = wrapper.framework; path = youtube_ios_player_helper_swift.framework; sourceTree = BUILT_PRODUCTS_DIR; };
		0FBC97DC222C071B00DC3927 /* SVProgressHUD.framework */ = {isa = PBXFileReference; explicitFileType = wrapper.framework; path = SVProgressHUD.framework; sourceTree = BUILT_PRODUCTS_DIR; };
		0FF43AB3222BE82F001A8B53 /* Podfile.lock */ = {isa = PBXFileReference; fileEncoding = 4; lastKnownFileType = text; path = Podfile.lock; sourceTree = "<group>"; };
		0FFD1B401F5E6D2B0007E555 /* 音ゲー（仮）.app */ = {isa = PBXFileReference; explicitFileType = wrapper.application; includeInIndex = 0; path = "音ゲー（仮）.app"; sourceTree = BUILT_PRODUCTS_DIR; };
		0FFD1B431F5E6D2B0007E555 /* AppDelegate.swift */ = {isa = PBXFileReference; lastKnownFileType = sourcecode.swift; path = AppDelegate.swift; sourceTree = "<group>"; };
		0FFD1B4B1F5E6D2B0007E555 /* GameViewController.swift */ = {isa = PBXFileReference; lastKnownFileType = sourcecode.swift; path = GameViewController.swift; sourceTree = "<group>"; };
		0FFD1B501F5E6D2B0007E555 /* Assets.xcassets */ = {isa = PBXFileReference; lastKnownFileType = folder.assetcatalog; path = Assets.xcassets; sourceTree = "<group>"; };
		0FFD1B551F5E6D2B0007E555 /* Info.plist */ = {isa = PBXFileReference; lastKnownFileType = text.plist.xml; path = Info.plist; sourceTree = "<group>"; };
		0FFD1B5A1F5E6D2B0007E555 /* 音ゲー（仮）Tests.xctest */ = {isa = PBXFileReference; explicitFileType = wrapper.cfbundle; includeInIndex = 0; path = "音ゲー（仮）Tests.xctest"; sourceTree = BUILT_PRODUCTS_DIR; };
		0FFD1B651F5E6D2B0007E555 /* 音ゲー（仮）UITests.xctest */ = {isa = PBXFileReference; explicitFileType = wrapper.cfbundle; includeInIndex = 0; path = "音ゲー（仮）UITests.xctest"; sourceTree = BUILT_PRODUCTS_DIR; };
		B455D9138378CDF255B3CB3A /* Pods-音ゲー（仮）.debug.xcconfig */ = {isa = PBXFileReference; includeInIndex = 1; lastKnownFileType = text.xcconfig; name = "Pods-音ゲー（仮）.debug.xcconfig"; path = "Target Support Files/Pods-音ゲー（仮）/Pods-音ゲー（仮）.debug.xcconfig"; sourceTree = "<group>"; };
		F1007515213D701A00ED2EF3 /* ChooseMusicScene.swift */ = {isa = PBXFileReference; fileEncoding = 4; lastKnownFileType = sourcecode.swift; path = ChooseMusicScene.swift; sourceTree = "<group>"; };
		F100ADD7213A6DBF0027E2A2 /* Music.swift */ = {isa = PBXFileReference; fileEncoding = 4; lastKnownFileType = sourcecode.swift; path = Music.swift; sourceTree = "<group>"; };
		F100ADD9213A6DC00027E2A2 /* Setting.swift */ = {isa = PBXFileReference; fileEncoding = 4; lastKnownFileType = sourcecode.swift; path = Setting.swift; sourceTree = "<group>"; };
		F1092FC91F84ABF0001963D3 /* Note.swift */ = {isa = PBXFileReference; lastKnownFileType = sourcecode.swift; path = Note.swift; sourceTree = "<group>"; };
		F118E1642061F81400EDC8B8 /* Dimensions.swift */ = {isa = PBXFileReference; fileEncoding = 4; lastKnownFileType = sourcecode.swift; path = Dimensions.swift; sourceTree = "<group>"; };
		F12732391FB5BB8B00D7F5C8 /* OpenAL.framework */ = {isa = PBXFileReference; lastKnownFileType = wrapper.framework; name = OpenAL.framework; path = System/Library/Frameworks/OpenAL.framework; sourceTree = SDKROOT; };
		F12ED65A2119815C0093CB80 /* Regex.swift */ = {isa = PBXFileReference; fileEncoding = 4; lastKnownFileType = sourcecode.swift; path = Regex.swift; sourceTree = "<group>"; };
		F148A4EB213C348500E57180 /* Header.swift */ = {isa = PBXFileReference; fileEncoding = 4; lastKnownFileType = sourcecode.swift; path = Header.swift; sourceTree = "<group>"; };
		F15FB1DA204C546B00D42803 /* PickerKeyboard.swift */ = {isa = PBXFileReference; fileEncoding = 4; lastKnownFileType = sourcecode.swift; path = PickerKeyboard.swift; sourceTree = "<group>"; };
		F160B7692086E8D800650512 /* YTPlayerViewHolder.swift */ = {isa = PBXFileReference; fileEncoding = 4; lastKnownFileType = sourcecode.swift; path = YTPlayerViewHolder.swift; sourceTree = "<group>"; };
		F1B16F791FB84D4B0036FEE2 /* alure.h */ = {isa = PBXFileReference; fileEncoding = 4; lastKnownFileType = sourcecode.c.h; path = alure.h; sourceTree = "<group>"; };
		F1B16F7A1FB84D790036FEE2 /* Bridging-Header.h */ = {isa = PBXFileReference; fileEncoding = 4; lastKnownFileType = sourcecode.c.h; path = "Bridging-Header.h"; sourceTree = "<group>"; };
		F1B16F7D1FBC90940036FEE2 /* Sounds */ = {isa = PBXFileReference; lastKnownFileType = folder; path = Sounds; sourceTree = "<group>"; };
		F1DDDB56200125AC00776AC1 /* Lane.swift */ = {isa = PBXFileReference; fileEncoding = 4; lastKnownFileType = sourcecode.swift; path = Lane.swift; sourceTree = "<group>"; };
		F1E50457204C3A6F007A2F93 /* AudioToolbox.framework */ = {isa = PBXFileReference; lastKnownFileType = wrapper.framework; name = AudioToolbox.framework; path = System/Library/Frameworks/AudioToolbox.framework; sourceTree = SDKROOT; };
/* End PBXFileReference section */

/* Begin PBXFrameworksBuildPhase section */
		0FFD1B3D1F5E6D2B0007E555 /* Frameworks */ = {
			isa = PBXFrameworksBuildPhase;
			buildActionMask = 2147483647;
			files = (
				0FBC97DD222C071B00DC3927 /* SVProgressHUD.framework in Frameworks */,
				0FBC97D7222C068500DC3927 /* Realm.framework in Frameworks */,
				0FBC97D9222C068500DC3927 /* RealmSwift.framework in Frameworks */,
				0FBC97DB222C068500DC3927 /* youtube_ios_player_helper_swift.framework in Frameworks */,
				0FBC97CF222C065A00DC3927 /* AppAuth.framework in Frameworks */,
				0FBC97D1222C065A00DC3927 /* GoogleAPIClientForREST.framework in Frameworks */,
				0FBC97D3222C065A00DC3927 /* GTMAppAuth.framework in Frameworks */,
				0FBC97D5222C065A00DC3927 /* GTMSessionFetcher.framework in Frameworks */,
				0F255AAE222BF38E0026DFE9 /* streamplay.o in Frameworks */,
				0F255AAF222BF38E0026DFE9 /* istream.o in Frameworks */,
				0F255AB0222BF38E0026DFE9 /* buffer.o in Frameworks */,
				0F255AB1222BF38E0026DFE9 /* alure.o in Frameworks */,
				0F255AB2222BF38E0026DFE9 /* streamdec.o in Frameworks */,
				0F255AB3222BF38E0026DFE9 /* codec_wav.o in Frameworks */,
				0F255AB4222BF38E0026DFE9 /* stream.o in Frameworks */,
				0F255AB5222BF38E0026DFE9 /* codec_aiff.o in Frameworks */,
				0F746F541F5F917E00C1D040 /* AVFoundation.framework in Frameworks */,
				F127323A1FB5BB9500D7F5C8 /* OpenAL.framework in Frameworks */,
			);
			runOnlyForDeploymentPostprocessing = 0;
		};
		0FFD1B571F5E6D2B0007E555 /* Frameworks */ = {
			isa = PBXFrameworksBuildPhase;
			buildActionMask = 2147483647;
			files = (
			);
			runOnlyForDeploymentPostprocessing = 0;
		};
		0FFD1B621F5E6D2B0007E555 /* Frameworks */ = {
			isa = PBXFrameworksBuildPhase;
			buildActionMask = 2147483647;
			files = (
			);
			runOnlyForDeploymentPostprocessing = 0;
		};
/* End PBXFrameworksBuildPhase section */

/* Begin PBXGroup section */
		0EF7DA622223B0C20021A3E4 /* GameScene */ = {
			isa = PBXGroup;
			children = (
				0EF7DA632223B0C20021A3E4 /* GameSceneImages.swift */,
				0EF7DA642223B0C20021A3E4 /* GameSceneTouches.swift */,
				0EF7DA652223B0C20021A3E4 /* GameScene.swift */,
			);
			path = GameScene;
			sourceTree = "<group>";
		};
		0F746F521F5F917E00C1D040 /* Frameworks */ = {
			isa = PBXGroup;
			children = (
				0FBC97DC222C071B00DC3927 /* SVProgressHUD.framework */,
				0FBC97D6222C068500DC3927 /* Realm.framework */,
				0FBC97D8222C068500DC3927 /* RealmSwift.framework */,
				0FBC97DA222C068500DC3927 /* youtube_ios_player_helper_swift.framework */,
				0FBC97CE222C065A00DC3927 /* AppAuth.framework */,
				0FBC97D0222C065A00DC3927 /* GoogleAPIClientForREST.framework */,
				0FBC97D2222C065A00DC3927 /* GTMAppAuth.framework */,
				0FBC97D4222C065A00DC3927 /* GTMSessionFetcher.framework */,
				0F255AA9222BF38D0026DFE9 /* alure.o */,
				0F255AA8222BF38D0026DFE9 /* buffer.o */,
				0F255AAD222BF38E0026DFE9 /* codec_aiff.o */,
				0F255AAB222BF38E0026DFE9 /* codec_wav.o */,
				0F255AA7222BF38D0026DFE9 /* istream.o */,
				0F255AAC222BF38E0026DFE9 /* stream.o */,
				0F255AAA222BF38D0026DFE9 /* streamdec.o */,
				0F255AA6222BF38D0026DFE9 /* streamplay.o */,
				F1E50457204C3A6F007A2F93 /* AudioToolbox.framework */,
				F12732391FB5BB8B00D7F5C8 /* OpenAL.framework */,
				0F746F531F5F917E00C1D040 /* AVFoundation.framework */,
			);
			name = Frameworks;
			sourceTree = "<group>";
		};
		0FFD1B371F5E6D2B0007E555 = {
			isa = PBXGroup;
			children = (
				0E9F10422223BBB600E0BC99 /* .gitignore */,
				0E9F103D2223BB8B00E0BC99 /* Podfile */,
				0FF43AB3222BE82F001A8B53 /* Podfile.lock */,
				0E9F103E2223BB8B00E0BC99 /* README.md */,
				0FFD1B421F5E6D2B0007E555 /* 音ゲー（仮） */,
				0FFD1B411F5E6D2B0007E555 /* Products */,
				0F746F521F5F917E00C1D040 /* Frameworks */,
				92AD65EB525FAF5D8F4394BD /* Pods */,
			);
			sourceTree = "<group>";
		};
		0FFD1B411F5E6D2B0007E555 /* Products */ = {
			isa = PBXGroup;
			children = (
				0FFD1B401F5E6D2B0007E555 /* 音ゲー（仮）.app */,
				0FFD1B5A1F5E6D2B0007E555 /* 音ゲー（仮）Tests.xctest */,
				0FFD1B651F5E6D2B0007E555 /* 音ゲー（仮）UITests.xctest */,
			);
			name = Products;
			sourceTree = "<group>";
		};
		0FFD1B421F5E6D2B0007E555 /* 音ゲー（仮） */ = {
			isa = PBXGroup;
			children = (
				0EF7DA622223B0C20021A3E4 /* GameScene */,
				F1007515213D701A00ED2EF3 /* ChooseMusicScene.swift */,
				0F65E8AB222BDCF000BEF557 /* GDFileManager.swift */,
				F148A4EB213C348500E57180 /* Header.swift */,
				F100ADD7213A6DBF0027E2A2 /* Music.swift */,
				F100ADD9213A6DC00027E2A2 /* Setting.swift */,
				F12ED65A2119815C0093CB80 /* Regex.swift */,
				F160B7692086E8D800650512 /* YTPlayerViewHolder.swift */,
				F118E1642061F81400EDC8B8 /* Dimensions.swift */,
				F15FB1DA204C546B00D42803 /* PickerKeyboard.swift */,
				F1DDDB56200125AC00776AC1 /* Lane.swift */,
				F1B16F7D1FBC90940036FEE2 /* Sounds */,
				F1B16F791FB84D4B0036FEE2 /* alure.h */,
				F1B16F7A1FB84D790036FEE2 /* Bridging-Header.h */,
				0FFD1B551F5E6D2B0007E555 /* Info.plist */,
				0FFD1B431F5E6D2B0007E555 /* AppDelegate.swift */,
				0FFD1B4B1F5E6D2B0007E555 /* GameViewController.swift */,
				F1092FC91F84ABF0001963D3 /* Note.swift */,
				0F41C8DE1F7275C2007C6A38 /* ResultScene.swift */,
				0F746F4A1F5EEEFF00C1D040 /* Sounds.swift */,
				0FFD1B501F5E6D2B0007E555 /* Assets.xcassets */,
				0F746F591F5F950E00C1D040 /* LaunchScreen.storyboard */,
				0F746F5B1F5F950E00C1D040 /* Main.storyboard */,
			);
			name = "音ゲー（仮）";
			path = "音ゲー（仮）";
			sourceTree = "<group>";
		};
		92AD65EB525FAF5D8F4394BD /* Pods */ = {
			isa = PBXGroup;
			children = (
				B455D9138378CDF255B3CB3A /* Pods-音ゲー（仮）.debug.xcconfig */,
				0B02828396637911C78EE9D3 /* Pods-音ゲー（仮）.release.xcconfig */,
			);
			path = Pods;
			sourceTree = "<group>";
		};
/* End PBXGroup section */

/* Begin PBXNativeTarget section */
		0FFD1B3F1F5E6D2B0007E555 /* 音ゲー（仮） */ = {
			isa = PBXNativeTarget;
			buildConfigurationList = 0FFD1B6E1F5E6D2B0007E555 /* Build configuration list for PBXNativeTarget "音ゲー（仮）" */;
			buildPhases = (
				9390EEB452307F4082D22969 /* [CP] Check Pods Manifest.lock */,
				0FFD1B3C1F5E6D2B0007E555 /* Sources */,
				0FFD1B3D1F5E6D2B0007E555 /* Frameworks */,
				0FFD1B3E1F5E6D2B0007E555 /* Resources */,
				3F2992457A367CD47EAB848D /* [CP] Embed Pods Frameworks */,
			);
			buildRules = (
			);
			dependencies = (
			);
			name = "音ゲー（仮）";
			productName = "音ゲー（仮）";
			productReference = 0FFD1B401F5E6D2B0007E555 /* 音ゲー（仮）.app */;
			productType = "com.apple.product-type.application";
		};
		0FFD1B591F5E6D2B0007E555 /* 音ゲー（仮）Tests */ = {
			isa = PBXNativeTarget;
			buildConfigurationList = 0FFD1B711F5E6D2B0007E555 /* Build configuration list for PBXNativeTarget "音ゲー（仮）Tests" */;
			buildPhases = (
				0FFD1B561F5E6D2B0007E555 /* Sources */,
				0FFD1B571F5E6D2B0007E555 /* Frameworks */,
				0FFD1B581F5E6D2B0007E555 /* Resources */,
			);
			buildRules = (
			);
			dependencies = (
				0FFD1B5C1F5E6D2B0007E555 /* PBXTargetDependency */,
			);
			name = "音ゲー（仮）Tests";
			productName = "音ゲー（仮）Tests";
			productReference = 0FFD1B5A1F5E6D2B0007E555 /* 音ゲー（仮）Tests.xctest */;
			productType = "com.apple.product-type.bundle.unit-test";
		};
		0FFD1B641F5E6D2B0007E555 /* 音ゲー（仮）UITests */ = {
			isa = PBXNativeTarget;
			buildConfigurationList = 0FFD1B741F5E6D2B0007E555 /* Build configuration list for PBXNativeTarget "音ゲー（仮）UITests" */;
			buildPhases = (
				0FFD1B611F5E6D2B0007E555 /* Sources */,
				0FFD1B621F5E6D2B0007E555 /* Frameworks */,
				0FFD1B631F5E6D2B0007E555 /* Resources */,
			);
			buildRules = (
			);
			dependencies = (
				0FFD1B671F5E6D2B0007E555 /* PBXTargetDependency */,
			);
			name = "音ゲー（仮）UITests";
			productName = "音ゲー（仮）UITests";
			productReference = 0FFD1B651F5E6D2B0007E555 /* 音ゲー（仮）UITests.xctest */;
			productType = "com.apple.product-type.bundle.ui-testing";
		};
/* End PBXNativeTarget section */

/* Begin PBXProject section */
		0FFD1B381F5E6D2B0007E555 /* Project object */ = {
			isa = PBXProject;
			attributes = {
				LastSwiftUpdateCheck = 0830;
				LastUpgradeCheck = 0930;
				ORGANIZATIONNAME = NakaiKohei;
				TargetAttributes = {
					0FFD1B3F1F5E6D2B0007E555 = {
						CreatedOnToolsVersion = 8.3.3;
						DevelopmentTeam = UT6PG9K559;
						LastSwiftMigration = 0900;
						ProvisioningStyle = Automatic;
					};
					0FFD1B591F5E6D2B0007E555 = {
						CreatedOnToolsVersion = 8.3.3;
						DevelopmentTeam = 5H677574QF;
						LastSwiftMigration = 0900;
						ProvisioningStyle = Automatic;
						TestTargetID = 0FFD1B3F1F5E6D2B0007E555;
					};
					0FFD1B641F5E6D2B0007E555 = {
						CreatedOnToolsVersion = 8.3.3;
						DevelopmentTeam = 5H677574QF;
						LastSwiftMigration = 0900;
						ProvisioningStyle = Automatic;
						TestTargetID = 0FFD1B3F1F5E6D2B0007E555;
					};
				};
			};
			buildConfigurationList = 0FFD1B3B1F5E6D2B0007E555 /* Build configuration list for PBXProject "音ゲー（仮）" */;
			compatibilityVersion = "Xcode 3.2";
			developmentRegion = English;
			hasScannedForEncodings = 0;
			knownRegions = (
				en,
				Base,
			);
			mainGroup = 0FFD1B371F5E6D2B0007E555;
			productRefGroup = 0FFD1B411F5E6D2B0007E555 /* Products */;
			projectDirPath = "";
			projectRoot = "";
			targets = (
				0FFD1B3F1F5E6D2B0007E555 /* 音ゲー（仮） */,
				0FFD1B591F5E6D2B0007E555 /* 音ゲー（仮）Tests */,
				0FFD1B641F5E6D2B0007E555 /* 音ゲー（仮）UITests */,
			);
		};
/* End PBXProject section */

/* Begin PBXResourcesBuildPhase section */
		0FFD1B3E1F5E6D2B0007E555 /* Resources */ = {
			isa = PBXResourcesBuildPhase;
			buildActionMask = 2147483647;
			files = (
				0E9F10432223BBB600E0BC99 /* .gitignore in Resources */,
				0E9F10402223BB8B00E0BC99 /* Podfile in Resources */,
				0FFD1B511F5E6D2B0007E555 /* Assets.xcassets in Resources */,
				0F746F5E1F5F950E00C1D040 /* Main.storyboard in Resources */,
				0E9F10412223BB8B00E0BC99 /* README.md in Resources */,
				F1B16F7E1FBC90940036FEE2 /* Sounds in Resources */,
				0FF43AB4222BE830001A8B53 /* Podfile.lock in Resources */,
				0F746F5D1F5F950E00C1D040 /* LaunchScreen.storyboard in Resources */,
			);
			runOnlyForDeploymentPostprocessing = 0;
		};
		0FFD1B581F5E6D2B0007E555 /* Resources */ = {
			isa = PBXResourcesBuildPhase;
			buildActionMask = 2147483647;
			files = (
			);
			runOnlyForDeploymentPostprocessing = 0;
		};
		0FFD1B631F5E6D2B0007E555 /* Resources */ = {
			isa = PBXResourcesBuildPhase;
			buildActionMask = 2147483647;
			files = (
			);
			runOnlyForDeploymentPostprocessing = 0;
		};
/* End PBXResourcesBuildPhase section */

/* Begin PBXShellScriptBuildPhase section */
		3F2992457A367CD47EAB848D /* [CP] Embed Pods Frameworks */ = {
			isa = PBXShellScriptBuildPhase;
			buildActionMask = 2147483647;
			files = (
			);
			inputFileListPaths = (
			);
			inputPaths = (
				"${PODS_ROOT}/Target Support Files/Pods-音ゲー（仮）/Pods-音ゲー（仮）-frameworks.sh",
				"${BUILT_PRODUCTS_DIR}/AppAuth/AppAuth.framework",
				"${BUILT_PRODUCTS_DIR}/GTMAppAuth/GTMAppAuth.framework",
				"${BUILT_PRODUCTS_DIR}/GTMSessionFetcher/GTMSessionFetcher.framework",
				"${BUILT_PRODUCTS_DIR}/GoogleAPIClientForREST/GoogleAPIClientForREST.framework",
				"${BUILT_PRODUCTS_DIR}/Realm/Realm.framework",
				"${BUILT_PRODUCTS_DIR}/RealmSwift/RealmSwift.framework",
				"${BUILT_PRODUCTS_DIR}/SVProgressHUD/SVProgressHUD.framework",
				"${BUILT_PRODUCTS_DIR}/youtube-ios-player-helper-swift/youtube_ios_player_helper_swift.framework",
			);
			name = "[CP] Embed Pods Frameworks";
			outputFileListPaths = (
			);
			outputPaths = (
				"${TARGET_BUILD_DIR}/${FRAMEWORKS_FOLDER_PATH}/AppAuth.framework",
				"${TARGET_BUILD_DIR}/${FRAMEWORKS_FOLDER_PATH}/GTMAppAuth.framework",
				"${TARGET_BUILD_DIR}/${FRAMEWORKS_FOLDER_PATH}/GTMSessionFetcher.framework",
				"${TARGET_BUILD_DIR}/${FRAMEWORKS_FOLDER_PATH}/GoogleAPIClientForREST.framework",
				"${TARGET_BUILD_DIR}/${FRAMEWORKS_FOLDER_PATH}/Realm.framework",
				"${TARGET_BUILD_DIR}/${FRAMEWORKS_FOLDER_PATH}/RealmSwift.framework",
				"${TARGET_BUILD_DIR}/${FRAMEWORKS_FOLDER_PATH}/SVProgressHUD.framework",
				"${TARGET_BUILD_DIR}/${FRAMEWORKS_FOLDER_PATH}/youtube_ios_player_helper_swift.framework",
			);
			runOnlyForDeploymentPostprocessing = 0;
			shellPath = /bin/sh;
			shellScript = "\"${PODS_ROOT}/Target Support Files/Pods-音ゲー（仮）/Pods-音ゲー（仮）-frameworks.sh\"\n";
			showEnvVarsInLog = 0;
		};
		9390EEB452307F4082D22969 /* [CP] Check Pods Manifest.lock */ = {
			isa = PBXShellScriptBuildPhase;
			buildActionMask = 2147483647;
			files = (
			);
			inputFileListPaths = (
			);
			inputPaths = (
				"${PODS_PODFILE_DIR_PATH}/Podfile.lock",
				"${PODS_ROOT}/Manifest.lock",
			);
			name = "[CP] Check Pods Manifest.lock";
			outputFileListPaths = (
			);
			outputPaths = (
				"$(DERIVED_FILE_DIR)/Pods-音ゲー（仮）-checkManifestLockResult.txt",
			);
			runOnlyForDeploymentPostprocessing = 0;
			shellPath = /bin/sh;
			shellScript = "diff \"${PODS_PODFILE_DIR_PATH}/Podfile.lock\" \"${PODS_ROOT}/Manifest.lock\" > /dev/null\nif [ $? != 0 ] ; then\n    # print error to STDERR\n    echo \"error: The sandbox is not in sync with the Podfile.lock. Run 'pod install' or update your CocoaPods installation.\" >&2\n    exit 1\nfi\n# This output is used by Xcode 'outputs' to avoid re-running this script phase.\necho \"SUCCESS\" > \"${SCRIPT_OUTPUT_FILE_0}\"\n";
			showEnvVarsInLog = 0;
		};
/* End PBXShellScriptBuildPhase section */

/* Begin PBXSourcesBuildPhase section */
		0FFD1B3C1F5E6D2B0007E555 /* Sources */ = {
			isa = PBXSourcesBuildPhase;
			buildActionMask = 2147483647;
			files = (
				F12ED65B2119815C0093CB80 /* Regex.swift in Sources */,
				0F41C8DF1F7275C2007C6A38 /* ResultScene.swift in Sources */,
				0FFD1B4C1F5E6D2B0007E555 /* GameViewController.swift in Sources */,
				F160B76B2086E8D900650512 /* YTPlayerViewHolder.swift in Sources */,
				0F65E8AC222BDCF000BEF557 /* GDFileManager.swift in Sources */,
				F100ADDA213A6DC10027E2A2 /* Music.swift in Sources */,
				F148A4EC213C348600E57180 /* Header.swift in Sources */,
				F15FB1DB204C546B00D42803 /* PickerKeyboard.swift in Sources */,
				0FFD1B441F5E6D2B0007E555 /* AppDelegate.swift in Sources */,
				0F746F4B1F5EEEFF00C1D040 /* Sounds.swift in Sources */,
				F1007516213D701B00ED2EF3 /* ChooseMusicScene.swift in Sources */,
				F1DDDB57200125AD00776AC1 /* Lane.swift in Sources */,
				F100ADDC213A6DC10027E2A2 /* Setting.swift in Sources */,
				0EF7DA682223B0C20021A3E4 /* GameScene.swift in Sources */,
				F118E1652061F81400EDC8B8 /* Dimensions.swift in Sources */,
				0EF7DA662223B0C20021A3E4 /* GameSceneImages.swift in Sources */,
				0EF7DA672223B0C20021A3E4 /* GameSceneTouches.swift in Sources */,
				F1092FCA1F84ABF0001963D3 /* Note.swift in Sources */,
			);
			runOnlyForDeploymentPostprocessing = 0;
		};
		0FFD1B561F5E6D2B0007E555 /* Sources */ = {
			isa = PBXSourcesBuildPhase;
			buildActionMask = 2147483647;
			files = (
			);
			runOnlyForDeploymentPostprocessing = 0;
		};
		0FFD1B611F5E6D2B0007E555 /* Sources */ = {
			isa = PBXSourcesBuildPhase;
			buildActionMask = 2147483647;
			files = (
			);
			runOnlyForDeploymentPostprocessing = 0;
		};
/* End PBXSourcesBuildPhase section */

/* Begin PBXTargetDependency section */
		0FFD1B5C1F5E6D2B0007E555 /* PBXTargetDependency */ = {
			isa = PBXTargetDependency;
			target = 0FFD1B3F1F5E6D2B0007E555 /* 音ゲー（仮） */;
			targetProxy = 0FFD1B5B1F5E6D2B0007E555 /* PBXContainerItemProxy */;
		};
		0FFD1B671F5E6D2B0007E555 /* PBXTargetDependency */ = {
			isa = PBXTargetDependency;
			target = 0FFD1B3F1F5E6D2B0007E555 /* 音ゲー（仮） */;
			targetProxy = 0FFD1B661F5E6D2B0007E555 /* PBXContainerItemProxy */;
		};
/* End PBXTargetDependency section */

/* Begin PBXVariantGroup section */
		0F746F591F5F950E00C1D040 /* LaunchScreen.storyboard */ = {
			isa = PBXVariantGroup;
			children = (
				0F746F5A1F5F950E00C1D040 /* Base */,
			);
			name = LaunchScreen.storyboard;
			sourceTree = "<group>";
		};
		0F746F5B1F5F950E00C1D040 /* Main.storyboard */ = {
			isa = PBXVariantGroup;
			children = (
				0F746F5C1F5F950E00C1D040 /* Base */,
			);
			name = Main.storyboard;
			sourceTree = "<group>";
		};
/* End PBXVariantGroup section */

/* Begin XCBuildConfiguration section */
		0FFD1B6C1F5E6D2B0007E555 /* Debug */ = {
			isa = XCBuildConfiguration;
			buildSettings = {
				ALWAYS_SEARCH_USER_PATHS = YES;
				CLANG_ANALYZER_NONNULL = YES;
				CLANG_ANALYZER_NUMBER_OBJECT_CONVERSION = YES_AGGRESSIVE;
				CLANG_CXX_LANGUAGE_STANDARD = "gnu++0x";
				CLANG_CXX_LIBRARY = "libc++";
				CLANG_ENABLE_MODULES = YES;
				CLANG_ENABLE_OBJC_ARC = YES;
				CLANG_WARN_BLOCK_CAPTURE_AUTORELEASING = YES;
				CLANG_WARN_BOOL_CONVERSION = YES;
				CLANG_WARN_COMMA = YES;
				CLANG_WARN_CONSTANT_CONVERSION = YES;
				CLANG_WARN_DEPRECATED_OBJC_IMPLEMENTATIONS = YES;
				CLANG_WARN_DIRECT_OBJC_ISA_USAGE = YES_ERROR;
				CLANG_WARN_DOCUMENTATION_COMMENTS = YES;
				CLANG_WARN_EMPTY_BODY = YES;
				CLANG_WARN_ENUM_CONVERSION = YES;
				CLANG_WARN_INFINITE_RECURSION = YES;
				CLANG_WARN_INT_CONVERSION = YES;
				CLANG_WARN_NON_LITERAL_NULL_CONVERSION = YES;
				CLANG_WARN_OBJC_IMPLICIT_RETAIN_SELF = YES;
				CLANG_WARN_OBJC_LITERAL_CONVERSION = YES;
				CLANG_WARN_OBJC_ROOT_CLASS = YES_ERROR;
				CLANG_WARN_RANGE_LOOP_ANALYSIS = YES;
				CLANG_WARN_STRICT_PROTOTYPES = YES;
				CLANG_WARN_SUSPICIOUS_MOVE = YES;
				CLANG_WARN_UNREACHABLE_CODE = YES;
				CLANG_WARN__DUPLICATE_METHOD_MATCH = YES;
				"CODE_SIGN_IDENTITY[sdk=iphoneos*]" = "iPhone Developer";
				COPY_PHASE_STRIP = NO;
				DEBUG_INFORMATION_FORMAT = dwarf;
				ENABLE_BITCODE = NO;
				ENABLE_STRICT_OBJC_MSGSEND = YES;
				ENABLE_TESTABILITY = YES;
				GCC_C_LANGUAGE_STANDARD = gnu99;
				GCC_DYNAMIC_NO_PIC = NO;
				GCC_NO_COMMON_BLOCKS = YES;
				GCC_OPTIMIZATION_LEVEL = 0;
				GCC_PREPROCESSOR_DEFINITIONS = (
					"DEBUG=1",
					"$(inherited)",
				);
				GCC_WARN_64_TO_32_BIT_CONVERSION = YES;
				GCC_WARN_ABOUT_RETURN_TYPE = YES_ERROR;
				GCC_WARN_UNDECLARED_SELECTOR = YES;
				GCC_WARN_UNINITIALIZED_AUTOS = YES_AGGRESSIVE;
				GCC_WARN_UNUSED_FUNCTION = YES;
				GCC_WARN_UNUSED_VARIABLE = YES;
				IPHONEOS_DEPLOYMENT_TARGET = 12.0;
				MTL_ENABLE_DEBUG_INFO = YES;
				ONLY_ACTIVE_ARCH = YES;
				OTHER_LDFLAGS = "-lc++";
				PODS_ROOT = "${SRCROOT}/Pods";
				SDKROOT = iphoneos;
				SWIFT_ACTIVE_COMPILATION_CONDITIONS = DEBUG;
				SWIFT_OBJC_BRIDGING_HEADER = "音ゲー（仮）/Bridging-Header.h";
				SWIFT_OPTIMIZATION_LEVEL = "-Onone";
				TARGETED_DEVICE_FAMILY = "1,2";
				USER_HEADER_SEARCH_PATHS = "$(PROJECT)";
			};
			name = Debug;
		};
		0FFD1B6D1F5E6D2B0007E555 /* Release */ = {
			isa = XCBuildConfiguration;
			buildSettings = {
				ALWAYS_SEARCH_USER_PATHS = YES;
				CLANG_ANALYZER_NONNULL = YES;
				CLANG_ANALYZER_NUMBER_OBJECT_CONVERSION = YES_AGGRESSIVE;
				CLANG_CXX_LANGUAGE_STANDARD = "gnu++0x";
				CLANG_CXX_LIBRARY = "libc++";
				CLANG_ENABLE_MODULES = YES;
				CLANG_ENABLE_OBJC_ARC = YES;
				CLANG_WARN_BLOCK_CAPTURE_AUTORELEASING = YES;
				CLANG_WARN_BOOL_CONVERSION = YES;
				CLANG_WARN_COMMA = YES;
				CLANG_WARN_CONSTANT_CONVERSION = YES;
				CLANG_WARN_DEPRECATED_OBJC_IMPLEMENTATIONS = YES;
				CLANG_WARN_DIRECT_OBJC_ISA_USAGE = YES_ERROR;
				CLANG_WARN_DOCUMENTATION_COMMENTS = YES;
				CLANG_WARN_EMPTY_BODY = YES;
				CLANG_WARN_ENUM_CONVERSION = YES;
				CLANG_WARN_INFINITE_RECURSION = YES;
				CLANG_WARN_INT_CONVERSION = YES;
				CLANG_WARN_NON_LITERAL_NULL_CONVERSION = YES;
				CLANG_WARN_OBJC_IMPLICIT_RETAIN_SELF = YES;
				CLANG_WARN_OBJC_LITERAL_CONVERSION = YES;
				CLANG_WARN_OBJC_ROOT_CLASS = YES_ERROR;
				CLANG_WARN_RANGE_LOOP_ANALYSIS = YES;
				CLANG_WARN_STRICT_PROTOTYPES = YES;
				CLANG_WARN_SUSPICIOUS_MOVE = YES;
				CLANG_WARN_UNREACHABLE_CODE = YES;
				CLANG_WARN__DUPLICATE_METHOD_MATCH = YES;
				"CODE_SIGN_IDENTITY[sdk=iphoneos*]" = "iPhone Developer";
				COPY_PHASE_STRIP = NO;
				DEBUG_INFORMATION_FORMAT = "dwarf-with-dsym";
				ENABLE_BITCODE = NO;
				ENABLE_NS_ASSERTIONS = NO;
				ENABLE_STRICT_OBJC_MSGSEND = YES;
				GCC_C_LANGUAGE_STANDARD = gnu99;
				GCC_NO_COMMON_BLOCKS = YES;
				GCC_WARN_64_TO_32_BIT_CONVERSION = YES;
				GCC_WARN_ABOUT_RETURN_TYPE = YES_ERROR;
				GCC_WARN_UNDECLARED_SELECTOR = YES;
				GCC_WARN_UNINITIALIZED_AUTOS = YES_AGGRESSIVE;
				GCC_WARN_UNUSED_FUNCTION = YES;
				GCC_WARN_UNUSED_VARIABLE = YES;
				IPHONEOS_DEPLOYMENT_TARGET = 12.0;
				MTL_ENABLE_DEBUG_INFO = NO;
				OTHER_LDFLAGS = "-lc++";
				PODS_ROOT = "${SRCROOT}/Pods";
				SDKROOT = iphoneos;
				SWIFT_OBJC_BRIDGING_HEADER = "音ゲー（仮）/Bridging-Header.h";
				SWIFT_OPTIMIZATION_LEVEL = "-Owholemodule";
				TARGETED_DEVICE_FAMILY = "1,2";
				USER_HEADER_SEARCH_PATHS = "$(PROJECT)";
				VALIDATE_PRODUCT = YES;
			};
			name = Release;
		};
		0FFD1B6F1F5E6D2B0007E555 /* Debug */ = {
			isa = XCBuildConfiguration;
			baseConfigurationReference = B455D9138378CDF255B3CB3A /* Pods-音ゲー（仮）.debug.xcconfig */;
			buildSettings = {
				ALWAYS_SEARCH_USER_PATHS = NO;
				ASSETCATALOG_COMPILER_APPICON_NAME = AppIcon;
				CLANG_ALLOW_NON_MODULAR_INCLUDES_IN_FRAMEWORK_MODULES = NO;
				CLANG_CXX_LANGUAGE_STANDARD = "gnu++0x";
				CLANG_CXX_LIBRARY = "libc++";
				CLANG_LINK_OBJC_RUNTIME = YES;
				CODE_SIGN_IDENTITY = "iPhone Developer";
				"CODE_SIGN_IDENTITY[sdk=iphoneos*]" = "iPhone Developer";
				CODE_SIGN_STYLE = Automatic;
				DEVELOPMENT_TEAM = UT6PG9K559;
				ENABLE_BITCODE = NO;
				FRAMEWORK_SEARCH_PATHS = (
					"$(inherited)",
					"\"${PODS_CONFIGURATION_BUILD_DIR}/Realm\"",
					"\"${PODS_CONFIGURATION_BUILD_DIR}/RealmSwift\"",
					"\"${PODS_CONFIGURATION_BUILD_DIR}/youtube-ios-player-helper-swift\"",
					"$(PROJECT_DIR)",
				);
				GENERATE_PROFILING_CODE = NO;
				HEADER_SEARCH_PATHS = "";
				INFOPLIST_FILE = "音ゲー（仮）/Info.plist";
				IPHONEOS_DEPLOYMENT_TARGET = 12.1;
				LD_RUNPATH_SEARCH_PATHS = "$(inherited) @executable_path/Frameworks";
				ONLY_ACTIVE_ARCH = NO;
				OTHER_LDFLAGS = "-lc++";
				PRODUCT_BUNDLE_IDENTIFIER = com.nakai.music;
				PRODUCT_NAME = "$(TARGET_NAME)";
				PROVISIONING_PROFILE_SPECIFIER = "";
				SWIFT_INCLUDE_PATHS = "$(PROJECT)/$(TARGET_NAME)/**";
				SWIFT_OBJC_BRIDGING_HEADER = "音ゲー（仮）/Bridging-Header.h";
				SWIFT_SWIFT3_OBJC_INFERENCE = Default;
				SWIFT_VERSION = 4.2;
				USER_HEADER_SEARCH_PATHS = "$(PROJECT)/** $(HOME)/alure-1.2/include/AL⁩/alure.h";
				VALID_ARCHS = "armv7s $(ARCHS_STANDARD_INCLUDING_64_BIT)";
			};
			name = Debug;
		};
		0FFD1B701F5E6D2B0007E555 /* Release */ = {
			isa = XCBuildConfiguration;
			baseConfigurationReference = 0B02828396637911C78EE9D3 /* Pods-音ゲー（仮）.release.xcconfig */;
			buildSettings = {
				ALWAYS_SEARCH_USER_PATHS = NO;
				ASSETCATALOG_COMPILER_APPICON_NAME = AppIcon;
				CLANG_ALLOW_NON_MODULAR_INCLUDES_IN_FRAMEWORK_MODULES = NO;
				CLANG_CXX_LANGUAGE_STANDARD = "gnu++0x";
				CLANG_CXX_LIBRARY = "libc++";
				CLANG_LINK_OBJC_RUNTIME = YES;
				CODE_SIGN_IDENTITY = "iPhone Developer";
				"CODE_SIGN_IDENTITY[sdk=iphoneos*]" = "iPhone Developer";
				CODE_SIGN_STYLE = Automatic;
				DEVELOPMENT_TEAM = UT6PG9K559;
				ENABLE_BITCODE = NO;
				FRAMEWORK_SEARCH_PATHS = (
					"$(inherited)",
					"\"${PODS_CONFIGURATION_BUILD_DIR}/Realm\"",
					"\"${PODS_CONFIGURATION_BUILD_DIR}/RealmSwift\"",
					"\"${PODS_CONFIGURATION_BUILD_DIR}/youtube-ios-player-helper-swift\"",
					"$(PROJECT_DIR)",
				);
				GENERATE_PROFILING_CODE = NO;
				HEADER_SEARCH_PATHS = "";
				INFOPLIST_FILE = "音ゲー（仮）/Info.plist";
				IPHONEOS_DEPLOYMENT_TARGET = 12.1;
				LD_RUNPATH_SEARCH_PATHS = "$(inherited) @executable_path/Frameworks";
				ONLY_ACTIVE_ARCH = NO;
				OTHER_LDFLAGS = "-lc++";
				PRODUCT_BUNDLE_IDENTIFIER = com.nakai.music;
				PRODUCT_NAME = "$(TARGET_NAME)";
				PROVISIONING_PROFILE_SPECIFIER = "";
				SWIFT_INCLUDE_PATHS = "$(PROJECT)/$(TARGET_NAME)/**";
				SWIFT_OBJC_BRIDGING_HEADER = "音ゲー（仮）/Bridging-Header.h";
				SWIFT_SWIFT3_OBJC_INFERENCE = Default;
				SWIFT_VERSION = 4.2;
				USER_HEADER_SEARCH_PATHS = "$(PROJECT)/** $(HOME)/alure-1.2/include/AL⁩/alure.h";
				VALID_ARCHS = "armv7s $(ARCHS_STANDARD_INCLUDING_64_BIT)";
			};
			name = Release;
		};
		0FFD1B721F5E6D2B0007E555 /* Debug */ = {
			isa = XCBuildConfiguration;
			buildSettings = {
				ALWAYS_EMBED_SWIFT_STANDARD_LIBRARIES = YES;
				BUNDLE_LOADER = "$(TEST_HOST)";
				DEVELOPMENT_TEAM = 5H677574QF;
				INFOPLIST_FILE = "音ゲー（仮）Tests/Info.plist";
				LD_RUNPATH_SEARCH_PATHS = "$(inherited) @executable_path/Frameworks @loader_path/Frameworks";
				PRODUCT_BUNDLE_IDENTIFIER = "com.nakai.-------Tests";
				PRODUCT_NAME = "$(TARGET_NAME)";
				SWIFT_SWIFT3_OBJC_INFERENCE = On;
				SWIFT_VERSION = 4.0;
				TEST_HOST = "$(BUILT_PRODUCTS_DIR)/音ゲー（仮）.app/音ゲー（仮）";
			};
			name = Debug;
		};
		0FFD1B731F5E6D2B0007E555 /* Release */ = {
			isa = XCBuildConfiguration;
			buildSettings = {
				ALWAYS_EMBED_SWIFT_STANDARD_LIBRARIES = YES;
				BUNDLE_LOADER = "$(TEST_HOST)";
				DEVELOPMENT_TEAM = 5H677574QF;
				INFOPLIST_FILE = "音ゲー（仮）Tests/Info.plist";
				LD_RUNPATH_SEARCH_PATHS = "$(inherited) @executable_path/Frameworks @loader_path/Frameworks";
				PRODUCT_BUNDLE_IDENTIFIER = "com.nakai.-------Tests";
				PRODUCT_NAME = "$(TARGET_NAME)";
				SWIFT_SWIFT3_OBJC_INFERENCE = On;
				SWIFT_VERSION = 4.0;
				TEST_HOST = "$(BUILT_PRODUCTS_DIR)/音ゲー（仮）.app/音ゲー（仮）";
			};
			name = Release;
		};
		0FFD1B751F5E6D2B0007E555 /* Debug */ = {
			isa = XCBuildConfiguration;
			buildSettings = {
				ALWAYS_EMBED_SWIFT_STANDARD_LIBRARIES = YES;
				DEVELOPMENT_TEAM = 5H677574QF;
				INFOPLIST_FILE = "音ゲー（仮）UITests/Info.plist";
				LD_RUNPATH_SEARCH_PATHS = "$(inherited) @executable_path/Frameworks @loader_path/Frameworks";
				PRODUCT_BUNDLE_IDENTIFIER = "com.nakai.-------UITests";
				PRODUCT_NAME = "$(TARGET_NAME)";
				SWIFT_SWIFT3_OBJC_INFERENCE = On;
				SWIFT_VERSION = 4.0;
				TEST_TARGET_NAME = "音ゲー（仮）";
			};
			name = Debug;
		};
		0FFD1B761F5E6D2B0007E555 /* Release */ = {
			isa = XCBuildConfiguration;
			buildSettings = {
				ALWAYS_EMBED_SWIFT_STANDARD_LIBRARIES = YES;
				DEVELOPMENT_TEAM = 5H677574QF;
				INFOPLIST_FILE = "音ゲー（仮）UITests/Info.plist";
				LD_RUNPATH_SEARCH_PATHS = "$(inherited) @executable_path/Frameworks @loader_path/Frameworks";
				PRODUCT_BUNDLE_IDENTIFIER = "com.nakai.-------UITests";
				PRODUCT_NAME = "$(TARGET_NAME)";
				SWIFT_SWIFT3_OBJC_INFERENCE = On;
				SWIFT_VERSION = 4.0;
				TEST_TARGET_NAME = "音ゲー（仮）";
			};
			name = Release;
		};
/* End XCBuildConfiguration section */

/* Begin XCConfigurationList section */
		0FFD1B3B1F5E6D2B0007E555 /* Build configuration list for PBXProject "音ゲー（仮）" */ = {
			isa = XCConfigurationList;
			buildConfigurations = (
				0FFD1B6C1F5E6D2B0007E555 /* Debug */,
				0FFD1B6D1F5E6D2B0007E555 /* Release */,
			);
			defaultConfigurationIsVisible = 0;
			defaultConfigurationName = Release;
		};
		0FFD1B6E1F5E6D2B0007E555 /* Build configuration list for PBXNativeTarget "音ゲー（仮）" */ = {
			isa = XCConfigurationList;
			buildConfigurations = (
				0FFD1B6F1F5E6D2B0007E555 /* Debug */,
				0FFD1B701F5E6D2B0007E555 /* Release */,
			);
			defaultConfigurationIsVisible = 0;
			defaultConfigurationName = Release;
		};
		0FFD1B711F5E6D2B0007E555 /* Build configuration list for PBXNativeTarget "音ゲー（仮）Tests" */ = {
			isa = XCConfigurationList;
			buildConfigurations = (
				0FFD1B721F5E6D2B0007E555 /* Debug */,
				0FFD1B731F5E6D2B0007E555 /* Release */,
			);
			defaultConfigurationIsVisible = 0;
			defaultConfigurationName = Release;
		};
		0FFD1B741F5E6D2B0007E555 /* Build configuration list for PBXNativeTarget "音ゲー（仮）UITests" */ = {
			isa = XCConfigurationList;
			buildConfigurations = (
				0FFD1B751F5E6D2B0007E555 /* Debug */,
				0FFD1B761F5E6D2B0007E555 /* Release */,
			);
			defaultConfigurationIsVisible = 0;
			defaultConfigurationName = Release;
		};
/* End XCConfigurationList section */
	};
	rootObject = 0FFD1B381F5E6D2B0007E555 /* Project object */;
}
